
Microsoft Visual Studio Solution File, Format Version 12.00
# Visual Studio Version 17
VisualStudioVersion = 17.7.34031.279
MinimumVisualStudioVersion = 10.0.40219.1
Project("{2150E333-8FDC-42A3-9474-1A3956D46DE8}") = "GymPlanner.EmailService", "GymPlanner.EmailService", "{7C555458-C0C6-4E6D-9AB6-B326D87BFFAD}"
EndProject
Project("{2150E333-8FDC-42A3-9474-1A3956D46DE8}") = "GymPlanner.WebApp", "GymPlanner.WebApp", "{87B8468E-4EB1-4DD9-AE70-14D9D1A287C3}"
EndProject
Project("{9A19103F-16F7-4668-BE54-9A1E7A4F7556}") = "GymPlanner.Application", "GymPlanner.WebApp\Application\GymPlanner.Application.csproj", "{B0D4E3E7-EF5A-47F1-93CF-30B9BD4E68CD}"
EndProject
Project("{9A19103F-16F7-4668-BE54-9A1E7A4F7556}") = "GymPlanner.Domain", "GymPlanner.WebApp\Domain\GymPlanner.Domain.csproj", "{2737F23E-081A-4F4A-9BA1-916E1A61D848}"
EndProject
Project("{9A19103F-16F7-4668-BE54-9A1E7A4F7556}") = "GymPlanner.Infrastructure", "GymPlanner.WebApp\Infrastructure\GymPlanner.Infrastructure.csproj", "{00FB76BC-7C2F-4D17-9D48-B07ADFD74F99}"
EndProject
Project("{9A19103F-16F7-4668-BE54-9A1E7A4F7556}") = "GymPlanner.WebUI", "GymPlanner.WebApp\Project\GymPlanner.WebUI.csproj", "{A6C35C07-650B-4120-9EA4-9BE8273DE580}"
EndProject
Project("{9A19103F-16F7-4668-BE54-9A1E7A4F7556}") = "EmailService", "GymPlanner.EmailService\EmailService.csproj", "{02C958B4-3606-4B97-A138-9B8ABC45416A}"
EndProject
Project("{2150E333-8FDC-42A3-9474-1A3956D46DE8}") = "Application", "Application", "{62755B43-4F81-4737-BA22-EBC9DD569470}"
EndProject
Project("{2150E333-8FDC-42A3-9474-1A3956D46DE8}") = "Domain", "Domain", "{D751327E-7B44-44F0-9049-7EFBEAD5C254}"
EndProject
Project("{2150E333-8FDC-42A3-9474-1A3956D46DE8}") = "Infrastructure", "Infrastructure", "{5768F245-47D9-4D78-A3B8-98C3AD5DBF99}"
EndProject
Project("{2150E333-8FDC-42A3-9474-1A3956D46DE8}") = "Presentation", "Presentation", "{431C8783-1E17-48B2-8987-BE1E5F696226}"
EndProject
Project("{E53339B2-1760-4266-BCC7-CA923CBCF16C}") = "docker-compose", "docker-compose.dcproj", "{9068B58F-BDF1-4790-BA05-D15068992E6A}"
EndProject
Global
	GlobalSection(SolutionConfigurationPlatforms) = preSolution
		Debug|Any CPU = Debug|Any CPU
		Release|Any CPU = Release|Any CPU
	EndGlobalSection
	GlobalSection(ProjectConfigurationPlatforms) = postSolution
		{B0D4E3E7-EF5A-47F1-93CF-30B9BD4E68CD}.Debug|Any CPU.ActiveCfg = Debug|Any CPU
		{B0D4E3E7-EF5A-47F1-93CF-30B9BD4E68CD}.Debug|Any CPU.Build.0 = Debug|Any CPU
		{B0D4E3E7-EF5A-47F1-93CF-30B9BD4E68CD}.Release|Any CPU.ActiveCfg = Release|Any CPU
		{B0D4E3E7-EF5A-47F1-93CF-30B9BD4E68CD}.Release|Any CPU.Build.0 = Release|Any CPU
		{2737F23E-081A-4F4A-9BA1-916E1A61D848}.Debug|Any CPU.ActiveCfg = Debug|Any CPU
		{2737F23E-081A-4F4A-9BA1-916E1A61D848}.Debug|Any CPU.Build.0 = Debug|Any CPU
		{2737F23E-081A-4F4A-9BA1-916E1A61D848}.Release|Any CPU.ActiveCfg = Release|Any CPU
		{2737F23E-081A-4F4A-9BA1-916E1A61D848}.Release|Any CPU.Build.0 = Release|Any CPU
		{00FB76BC-7C2F-4D17-9D48-B07ADFD74F99}.Debug|Any CPU.ActiveCfg = Debug|Any CPU
		{00FB76BC-7C2F-4D17-9D48-B07ADFD74F99}.Debug|Any CPU.Build.0 = Debug|Any CPU
		{00FB76BC-7C2F-4D17-9D48-B07ADFD74F99}.Release|Any CPU.ActiveCfg = Release|Any CPU
		{00FB76BC-7C2F-4D17-9D48-B07ADFD74F99}.Release|Any CPU.Build.0 = Release|Any CPU
		{A6C35C07-650B-4120-9EA4-9BE8273DE580}.Debug|Any CPU.ActiveCfg = Debug|Any CPU
		{A6C35C07-650B-4120-9EA4-9BE8273DE580}.Debug|Any CPU.Build.0 = Debug|Any CPU
		{A6C35C07-650B-4120-9EA4-9BE8273DE580}.Release|Any CPU.ActiveCfg = Release|Any CPU
		{A6C35C07-650B-4120-9EA4-9BE8273DE580}.Release|Any CPU.Build.0 = Release|Any CPU
		{02C958B4-3606-4B97-A138-9B8ABC45416A}.Debug|Any CPU.ActiveCfg = Debug|Any CPU
		{02C958B4-3606-4B97-A138-9B8ABC45416A}.Debug|Any CPU.Build.0 = Debug|Any CPU
		{02C958B4-3606-4B97-A138-9B8ABC45416A}.Release|Any CPU.ActiveCfg = Release|Any CPU
		{02C958B4-3606-4B97-A138-9B8ABC45416A}.Release|Any CPU.Build.0 = Release|Any CPU
		{9068B58F-BDF1-4790-BA05-D15068992E6A}.Debug|Any CPU.ActiveCfg = Debug|Any CPU
		{9068B58F-BDF1-4790-BA05-D15068992E6A}.Debug|Any CPU.Build.0 = Debug|Any CPU
		{9068B58F-BDF1-4790-BA05-D15068992E6A}.Release|Any CPU.ActiveCfg = Release|Any CPU
		{9068B58F-BDF1-4790-BA05-D15068992E6A}.Release|Any CPU.Build.0 = Release|Any CPU
	EndGlobalSection
	GlobalSection(SolutionProperties) = preSolution
		HideSolutionNode = FALSE
	EndGlobalSection
	GlobalSection(NestedProjects) = preSolution
		{B0D4E3E7-EF5A-47F1-93CF-30B9BD4E68CD} = {62755B43-4F81-4737-BA22-EBC9DD569470}
		{2737F23E-081A-4F4A-9BA1-916E1A61D848} = {D751327E-7B44-44F0-9049-7EFBEAD5C254}
		{00FB76BC-7C2F-4D17-9D48-B07ADFD74F99} = {5768F245-47D9-4D78-A3B8-98C3AD5DBF99}
		{A6C35C07-650B-4120-9EA4-9BE8273DE580} = {431C8783-1E17-48B2-8987-BE1E5F696226}
		{02C958B4-3606-4B97-A138-9B8ABC45416A} = {7C555458-C0C6-4E6D-9AB6-B326D87BFFAD}
		{62755B43-4F81-4737-BA22-EBC9DD569470} = {87B8468E-4EB1-4DD9-AE70-14D9D1A287C3}
		{D751327E-7B44-44F0-9049-7EFBEAD5C254} = {87B8468E-4EB1-4DD9-AE70-14D9D1A287C3}
		{5768F245-47D9-4D78-A3B8-98C3AD5DBF99} = {87B8468E-4EB1-4DD9-AE70-14D9D1A287C3}
		{431C8783-1E17-48B2-8987-BE1E5F696226} = {87B8468E-4EB1-4DD9-AE70-14D9D1A287C3}
	EndGlobalSection
	GlobalSection(ExtensibilityGlobals) = postSolution
		SolutionGuid = {4C192FD5-0ACC-463D-9869-6E1B64F54790}
	EndGlobalSection
EndGlobal
