
Microsoft Visual Studio Solution File, Format Version 12.00
# Visual Studio Version 17
VisualStudioVersion = 17.7.34031.279
MinimumVisualStudioVersion = 10.0.40219.1
Project("{9A19103F-16F7-4668-BE54-9A1E7A4F7556}") = "GymPlanner.WebUI", "Project\GymPlanner.WebUI.csproj", "{56830633-2268-4946-928E-9490D3496489}"
EndProject
Project("{2150E333-8FDC-42A3-9474-1A3956D46DE8}") = "Presentation", "Presentation", "{80F99311-D062-4010-AEC0-891B5E600EE9}"
EndProject
Project("{2150E333-8FDC-42A3-9474-1A3956D46DE8}") = "Application", "Application", "{7BB116AC-EF08-4B48-8223-7E7D146029E9}"
EndProject
Project("{2150E333-8FDC-42A3-9474-1A3956D46DE8}") = "Infrastructure", "Infrastructure", "{1BEB4126-9F30-41EC-8E95-18B59E24585B}"
EndProject
Project("{2150E333-8FDC-42A3-9474-1A3956D46DE8}") = "Domain", "Domain", "{F2947046-A9AD-4017-AA90-A920D2382434}"
EndProject
Project("{9A19103F-16F7-4668-BE54-9A1E7A4F7556}") = "GymPlanner.Infrastructure", "Infrastructure\GymPlanner.Infrastructure.csproj", "{F2994358-7DBE-41D0-8410-70991BEB49EF}"
EndProject
Project("{9A19103F-16F7-4668-BE54-9A1E7A4F7556}") = "GymPlanner.Domain", "Data\GymPlanner.Domain.csproj", "{338A0F3B-A805-4FDE-A62E-B169408F3ED0}"
EndProject
Project("{9A19103F-16F7-4668-BE54-9A1E7A4F7556}") = "GymPlanner.Application", "Application\GymPlanner.Application.csproj", "{A6352BA9-78FF-46FF-9F6D-1AE16D613083}"
EndProject
Global
	GlobalSection(SolutionConfigurationPlatforms) = preSolution
		Debug|Any CPU = Debug|Any CPU
		Release|Any CPU = Release|Any CPU
	EndGlobalSection
	GlobalSection(ProjectConfigurationPlatforms) = postSolution
		{56830633-2268-4946-928E-9490D3496489}.Debug|Any CPU.ActiveCfg = Debug|Any CPU
		{56830633-2268-4946-928E-9490D3496489}.Debug|Any CPU.Build.0 = Debug|Any CPU
		{56830633-2268-4946-928E-9490D3496489}.Release|Any CPU.ActiveCfg = Release|Any CPU
		{56830633-2268-4946-928E-9490D3496489}.Release|Any CPU.Build.0 = Release|Any CPU
		{F2994358-7DBE-41D0-8410-70991BEB49EF}.Debug|Any CPU.ActiveCfg = Debug|Any CPU
		{F2994358-7DBE-41D0-8410-70991BEB49EF}.Debug|Any CPU.Build.0 = Debug|Any CPU
		{F2994358-7DBE-41D0-8410-70991BEB49EF}.Release|Any CPU.ActiveCfg = Release|Any CPU
		{F2994358-7DBE-41D0-8410-70991BEB49EF}.Release|Any CPU.Build.0 = Release|Any CPU
		{338A0F3B-A805-4FDE-A62E-B169408F3ED0}.Debug|Any CPU.ActiveCfg = Debug|Any CPU
		{338A0F3B-A805-4FDE-A62E-B169408F3ED0}.Debug|Any CPU.Build.0 = Debug|Any CPU
		{338A0F3B-A805-4FDE-A62E-B169408F3ED0}.Release|Any CPU.ActiveCfg = Release|Any CPU
		{338A0F3B-A805-4FDE-A62E-B169408F3ED0}.Release|Any CPU.Build.0 = Release|Any CPU
		{A6352BA9-78FF-46FF-9F6D-1AE16D613083}.Debug|Any CPU.ActiveCfg = Debug|Any CPU
		{A6352BA9-78FF-46FF-9F6D-1AE16D613083}.Debug|Any CPU.Build.0 = Debug|Any CPU
		{A6352BA9-78FF-46FF-9F6D-1AE16D613083}.Release|Any CPU.ActiveCfg = Release|Any CPU
		{A6352BA9-78FF-46FF-9F6D-1AE16D613083}.Release|Any CPU.Build.0 = Release|Any CPU
	EndGlobalSection
	GlobalSection(SolutionProperties) = preSolution
		HideSolutionNode = FALSE
	EndGlobalSection
	GlobalSection(NestedProjects) = preSolution
		{56830633-2268-4946-928E-9490D3496489} = {80F99311-D062-4010-AEC0-891B5E600EE9}
		{F2994358-7DBE-41D0-8410-70991BEB49EF} = {1BEB4126-9F30-41EC-8E95-18B59E24585B}
		{338A0F3B-A805-4FDE-A62E-B169408F3ED0} = {F2947046-A9AD-4017-AA90-A920D2382434}
		{A6352BA9-78FF-46FF-9F6D-1AE16D613083} = {7BB116AC-EF08-4B48-8223-7E7D146029E9}
	EndGlobalSection
	GlobalSection(ExtensibilityGlobals) = postSolution
		SolutionGuid = {4C192FD5-0ACC-463D-9869-6E1B64F54790}
	EndGlobalSection
EndGlobal
